
Microsoft Visual Studio Solution File, Format Version 12.00
# Visual Studio 2012
Project("{8BC9CEB8-8B4A-11D0-8D11-00A0C91BC942}") = "P0301", "P0301\P0301.vcxproj", "{FFADF96F-B6C8-46B6-B099-F175C8739814}"
EndProject
Project("{8BC9CEB8-8B4A-11D0-8D11-00A0C91BC942}") = "P0302", "P0302\P0302.vcxproj", "{4A5865F1-26B4-42BC-AC4E-914CCE96EEE7}"
EndProject
Project("{8BC9CEB8-8B4A-11D0-8D11-00A0C91BC942}") = "P0303", "P0303\P0303.vcxproj", "{CEDD1BEF-11C2-4727-B939-B8384723EFE9}"
EndProject
Project("{8BC9CEB8-8B4A-11D0-8D11-00A0C91BC942}") = "P0304", "P0304\P0304.vcxproj", "{AE9F3020-323C-4E0D-95D9-728E2A25AD3B}"
EndProject
Global
	GlobalSection(SolutionConfigurationPlatforms) = preSolution
		Debug|Win32 = Debug|Win32
		Release|Win32 = Release|Win32
	EndGlobalSection
	GlobalSection(ProjectConfigurationPlatforms) = postSolution
		{FFADF96F-B6C8-46B6-B099-F175C8739814}.Debug|Win32.ActiveCfg = Debug|Win32
		{FFADF96F-B6C8-46B6-B099-F175C8739814}.Debug|Win32.Build.0 = Debug|Win32
		{FFADF96F-B6C8-46B6-B099-F175C8739814}.Release|Win32.ActiveCfg = Release|Win32
		{FFADF96F-B6C8-46B6-B099-F175C8739814}.Release|Win32.Build.0 = Release|Win32
		{4A5865F1-26B4-42BC-AC4E-914CCE96EEE7}.Debug|Win32.ActiveCfg = Debug|Win32
		{4A5865F1-26B4-42BC-AC4E-914CCE96EEE7}.Debug|Win32.Build.0 = Debug|Win32
		{4A5865F1-26B4-42BC-AC4E-914CCE96EEE7}.Release|Win32.ActiveCfg = Release|Win32
		{4A5865F1-26B4-42BC-AC4E-914CCE96EEE7}.Release|Win32.Build.0 = Release|Win32
		{CEDD1BEF-11C2-4727-B939-B8384723EFE9}.Debug|Win32.ActiveCfg = Debug|Win32
		{CEDD1BEF-11C2-4727-B939-B8384723EFE9}.Debug|Win32.Build.0 = Debug|Win32
		{CEDD1BEF-11C2-4727-B939-B8384723EFE9}.Release|Win32.ActiveCfg = Release|Win32
		{CEDD1BEF-11C2-4727-B939-B8384723EFE9}.Release|Win32.Build.0 = Release|Win32
		{AE9F3020-323C-4E0D-95D9-728E2A25AD3B}.Debug|Win32.ActiveCfg = Debug|Win32
		{AE9F3020-323C-4E0D-95D9-728E2A25AD3B}.Debug|Win32.Build.0 = Debug|Win32
		{AE9F3020-323C-4E0D-95D9-728E2A25AD3B}.Release|Win32.ActiveCfg = Release|Win32
		{AE9F3020-323C-4E0D-95D9-728E2A25AD3B}.Release|Win32.Build.0 = Release|Win32
	EndGlobalSection
	GlobalSection(SolutionProperties) = preSolution
		HideSolutionNode = FALSE
	EndGlobalSection
EndGlobal
